
Microsoft Visual Studio Solution File, Format Version 12.00
# Visual Studio 14
VisualStudioVersion = 14.0.25420.1
MinimumVisualStudioVersion = 10.0.40219.1
Project("{FAE04EC0-301F-11D3-BF4B-00C04F79EFBC}") = "MegaKids.WebUI", "MegaKids\MegaKids.WebUI.csproj", "{A82BCF1B-F6B1-4903-8483-CA4A36528992}"
EndProject
Project("{FAE04EC0-301F-11D3-BF4B-00C04F79EFBC}") = "MegaKids.DataModel", "DataModel\MegaKids.DataModel.csproj", "{2C620933-B399-4C23-A4A7-08475A97DCAD}"
EndProject
Project("{FAE04EC0-301F-11D3-BF4B-00C04F79EFBC}") = "MegaKids.IServices", "IServices\MegaKids.IServices.csproj", "{16C7717A-0B93-4794-8085-6F6DB9ED6A7A}"
EndProject
Project("{FAE04EC0-301F-11D3-BF4B-00C04F79EFBC}") = "MegaKids.Services", "Services\MegaKids.Services.csproj", "{48138278-3CD8-47E3-A2EE-393B599BF7E4}"
EndProject
Global
	GlobalSection(SolutionConfigurationPlatforms) = preSolution
		Debug|Any CPU = Debug|Any CPU
		Release|Any CPU = Release|Any CPU
	EndGlobalSection
	GlobalSection(ProjectConfigurationPlatforms) = postSolution
		{A82BCF1B-F6B1-4903-8483-CA4A36528992}.Debug|Any CPU.ActiveCfg = Debug|Any CPU
		{A82BCF1B-F6B1-4903-8483-CA4A36528992}.Debug|Any CPU.Build.0 = Debug|Any CPU
		{A82BCF1B-F6B1-4903-8483-CA4A36528992}.Release|Any CPU.ActiveCfg = Release|Any CPU
		{A82BCF1B-F6B1-4903-8483-CA4A36528992}.Release|Any CPU.Build.0 = Release|Any CPU
		{2C620933-B399-4C23-A4A7-08475A97DCAD}.Debug|Any CPU.ActiveCfg = Debug|Any CPU
		{2C620933-B399-4C23-A4A7-08475A97DCAD}.Debug|Any CPU.Build.0 = Debug|Any CPU
		{2C620933-B399-4C23-A4A7-08475A97DCAD}.Release|Any CPU.ActiveCfg = Release|Any CPU
		{2C620933-B399-4C23-A4A7-08475A97DCAD}.Release|Any CPU.Build.0 = Release|Any CPU
		{16C7717A-0B93-4794-8085-6F6DB9ED6A7A}.Debug|Any CPU.ActiveCfg = Debug|Any CPU
		{16C7717A-0B93-4794-8085-6F6DB9ED6A7A}.Debug|Any CPU.Build.0 = Debug|Any CPU
		{16C7717A-0B93-4794-8085-6F6DB9ED6A7A}.Release|Any CPU.ActiveCfg = Release|Any CPU
		{16C7717A-0B93-4794-8085-6F6DB9ED6A7A}.Release|Any CPU.Build.0 = Release|Any CPU
		{48138278-3CD8-47E3-A2EE-393B599BF7E4}.Debug|Any CPU.ActiveCfg = Debug|Any CPU
		{48138278-3CD8-47E3-A2EE-393B599BF7E4}.Debug|Any CPU.Build.0 = Debug|Any CPU
		{48138278-3CD8-47E3-A2EE-393B599BF7E4}.Release|Any CPU.ActiveCfg = Release|Any CPU
		{48138278-3CD8-47E3-A2EE-393B599BF7E4}.Release|Any CPU.Build.0 = Release|Any CPU
	EndGlobalSection
	GlobalSection(SolutionProperties) = preSolution
		HideSolutionNode = FALSE
	EndGlobalSection
EndGlobal
